// !$*UTF8*$!
{
	archiveVersion = 1;
	classes = {
	};
	objectVersion = 46;
	objects = {

/* Begin PBXBuildFile section */
		1D3E6E311A8334F200B2C6DF /* DBManager.m in Sources */ = {isa = PBXBuildFile; fileRef = 1D3E6E301A8334F200B2C6DF /* DBManager.m */; };
		1D3E6E331A83353100B2C6DF /* libsqlite3.0.dylib in Frameworks */ = {isa = PBXBuildFile; fileRef = 1D3E6E321A83353100B2C6DF /* libsqlite3.0.dylib */; };
		1DACB9461A81ECBC00189A7F /* main.m in Sources */ = {isa = PBXBuildFile; fileRef = 1DACB9451A81ECBC00189A7F /* main.m */; };
		1DACB9491A81ECBC00189A7F /* AppDelegate.m in Sources */ = {isa = PBXBuildFile; fileRef = 1DACB9481A81ECBC00189A7F /* AppDelegate.m */; };
		1DACB94C1A81ECBC00189A7F /* Home.m in Sources */ = {isa = PBXBuildFile; fileRef = 1DACB94B1A81ECBC00189A7F /* Home.m */; };
		1DACB94F1A81ECBC00189A7F /* Main.storyboard in Resources */ = {isa = PBXBuildFile; fileRef = 1DACB94D1A81ECBC00189A7F /* Main.storyboard */; };
		1DACB9511A81ECBC00189A7F /* Images.xcassets in Resources */ = {isa = PBXBuildFile; fileRef = 1DACB9501A81ECBC00189A7F /* Images.xcassets */; };
		1DACB9541A81ECBC00189A7F /* LaunchScreen.xib in Resources */ = {isa = PBXBuildFile; fileRef = 1DACB9521A81ECBC00189A7F /* LaunchScreen.xib */; };
		1DACB9601A81ECBC00189A7F /* Agendalab03Tests.m in Sources */ = {isa = PBXBuildFile; fileRef = 1DACB95F1A81ECBC00189A7F /* Agendalab03Tests.m */; };
		1DACB96B1A81F7B400189A7F /* Nuevo.m in Sources */ = {isa = PBXBuildFile; fileRef = 1DACB96A1A81F7B400189A7F /* Nuevo.m */; };
		1DACB96E1A81FB2F00189A7F /* Listado.m in Sources */ = {isa = PBXBuildFile; fileRef = 1DACB96D1A81FB2F00189A7F /* Listado.m */; };
		1DACB9711A81FEED00189A7F /* Detalle.m in Sources */ = {isa = PBXBuildFile; fileRef = 1DACB9701A81FEED00189A7F /* Detalle.m */; };
		1DACB9741A8201B600189A7F /* VerMas.m in Sources */ = {isa = PBXBuildFile; fileRef = 1DACB9731A8201B600189A7F /* VerMas.m */; };
		1DACB9771A82183E00189A7F /* 1423062184_camera-128.png in Resources */ = {isa = PBXBuildFile; fileRef = 1DACB9761A82183E00189A7F /* 1423062184_camera-128.png */; };
/* End PBXBuildFile section */

/* Begin PBXContainerItemProxy section */
		1DACB95A1A81ECBC00189A7F /* PBXContainerItemProxy */ = {
			isa = PBXContainerItemProxy;
			containerPortal = 1DACB9381A81ECBB00189A7F /* Project object */;
			proxyType = 1;
			remoteGlobalIDString = 1DACB93F1A81ECBB00189A7F;
			remoteInfo = Agendalab03;
		};
/* End PBXContainerItemProxy section */

/* Begin PBXFileReference section */
		1D3E6E2F1A8334F200B2C6DF /* DBManager.h */ = {isa = PBXFileReference; fileEncoding = 4; lastKnownFileType = sourcecode.c.h; path = DBManager.h; sourceTree = "<group>"; };
		1D3E6E301A8334F200B2C6DF /* DBManager.m */ = {isa = PBXFileReference; fileEncoding = 4; lastKnownFileType = sourcecode.c.objc; path = DBManager.m; sourceTree = "<group>"; };
		1D3E6E321A83353100B2C6DF /* libsqlite3.0.dylib */ = {isa = PBXFileReference; lastKnownFileType = "compiled.mach-o.dylib"; name = libsqlite3.0.dylib; path = usr/lib/libsqlite3.0.dylib; sourceTree = SDKROOT; };
		1DACB9401A81ECBB00189A7F /* Agendalab03.app */ = {isa = PBXFileReference; explicitFileType = wrapper.application; includeInIndex = 0; path = Agendalab03.app; sourceTree = BUILT_PRODUCTS_DIR; };
		1DACB9441A81ECBC00189A7F /* Info.plist */ = {isa = PBXFileReference; lastKnownFileType = text.plist.xml; path = Info.plist; sourceTree = "<group>"; };
		1DACB9451A81ECBC00189A7F /* main.m */ = {isa = PBXFileReference; lastKnownFileType = sourcecode.c.objc; path = main.m; sourceTree = "<group>"; };
		1DACB9471A81ECBC00189A7F /* AppDelegate.h */ = {isa = PBXFileReference; lastKnownFileType = sourcecode.c.h; path = AppDelegate.h; sourceTree = "<group>"; };
		1DACB9481A81ECBC00189A7F /* AppDelegate.m */ = {isa = PBXFileReference; lastKnownFileType = sourcecode.c.objc; path = AppDelegate.m; sourceTree = "<group>"; };
		1DACB94A1A81ECBC00189A7F /* Home.h */ = {isa = PBXFileReference; lastKnownFileType = sourcecode.c.h; path = Home.h; sourceTree = "<group>"; };
		1DACB94B1A81ECBC00189A7F /* Home.m */ = {isa = PBXFileReference; lastKnownFileType = sourcecode.c.objc; path = Home.m; sourceTree = "<group>"; };
		1DACB94E1A81ECBC00189A7F /* Base */ = {isa = PBXFileReference; lastKnownFileType = file.storyboard; name = Base; path = Base.lproj/Main.storyboard; sourceTree = "<group>"; };
		1DACB9501A81ECBC00189A7F /* Images.xcassets */ = {isa = PBXFileReference; lastKnownFileType = folder.assetcatalog; path = Images.xcassets; sourceTree = "<group>"; };
		1DACB9531A81ECBC00189A7F /* Base */ = {isa = PBXFileReference; lastKnownFileType = file.xib; name = Base; path = Base.lproj/LaunchScreen.xib; sourceTree = "<group>"; };
		1DACB9591A81ECBC00189A7F /* Agendalab03Tests.xctest */ = {isa = PBXFileReference; explicitFileType = wrapper.cfbundle; includeInIndex = 0; path = Agendalab03Tests.xctest; sourceTree = BUILT_PRODUCTS_DIR; };
		1DACB95E1A81ECBC00189A7F /* Info.plist */ = {isa = PBXFileReference; lastKnownFileType = text.plist.xml; path = Info.plist; sourceTree = "<group>"; };
		1DACB95F1A81ECBC00189A7F /* Agendalab03Tests.m */ = {isa = PBXFileReference; lastKnownFileType = sourcecode.c.objc; path = Agendalab03Tests.m; sourceTree = "<group>"; };
		1DACB9691A81F7B400189A7F /* Nuevo.h */ = {isa = PBXFileReference; fileEncoding = 4; lastKnownFileType = sourcecode.c.h; path = Nuevo.h; sourceTree = "<group>"; };
		1DACB96A1A81F7B400189A7F /* Nuevo.m */ = {isa = PBXFileReference; fileEncoding = 4; lastKnownFileType = sourcecode.c.objc; path = Nuevo.m; sourceTree = "<group>"; };
		1DACB96C1A81FB2F00189A7F /* Listado.h */ = {isa = PBXFileReference; fileEncoding = 4; lastKnownFileType = sourcecode.c.h; path = Listado.h; sourceTree = "<group>"; };
		1DACB96D1A81FB2F00189A7F /* Listado.m */ = {isa = PBXFileReference; fileEncoding = 4; lastKnownFileType = sourcecode.c.objc; path = Listado.m; sourceTree = "<group>"; };
		1DACB96F1A81FEED00189A7F /* Detalle.h */ = {isa = PBXFileReference; fileEncoding = 4; lastKnownFileType = sourcecode.c.h; path = Detalle.h; sourceTree = "<group>"; };
		1DACB9701A81FEED00189A7F /* Detalle.m */ = {isa = PBXFileReference; fileEncoding = 4; lastKnownFileType = sourcecode.c.objc; path = Detalle.m; sourceTree = "<group>"; };
		1DACB9721A8201B600189A7F /* VerMas.h */ = {isa = PBXFileReference; fileEncoding = 4; lastKnownFileType = sourcecode.c.h; path = VerMas.h; sourceTree = "<group>"; };
		1DACB9731A8201B600189A7F /* VerMas.m */ = {isa = PBXFileReference; fileEncoding = 4; lastKnownFileType = sourcecode.c.objc; path = VerMas.m; sourceTree = "<group>"; };
		1DACB9761A82183E00189A7F /* 1423062184_camera-128.png */ = {isa = PBXFileReference; lastKnownFileType = image.png; name = "1423062184_camera-128.png"; path = "../../../../../Pictures/1423062184_camera-128.png"; sourceTree = "<group>"; };
/* End PBXFileReference section */

/* Begin PBXFrameworksBuildPhase section */
		1DACB93D1A81ECBB00189A7F /* Frameworks */ = {
			isa = PBXFrameworksBuildPhase;
			buildActionMask = 2147483647;
			files = (
				1D3E6E331A83353100B2C6DF /* libsqlite3.0.dylib in Frameworks */,
			);
			runOnlyForDeploymentPostprocessing = 0;
		};
		1DACB9561A81ECBC00189A7F /* Frameworks */ = {
			isa = PBXFrameworksBuildPhase;
			buildActionMask = 2147483647;
			files = (
			);
			runOnlyForDeploymentPostprocessing = 0;
		};
/* End PBXFrameworksBuildPhase section */

/* Begin PBXGroup section */
		1DACB9371A81ECBB00189A7F = {
			isa = PBXGroup;
			children = (
				1D3E6E321A83353100B2C6DF /* libsqlite3.0.dylib */,
				1DACB9421A81ECBB00189A7F /* Agendalab03 */,
				1DACB95C1A81ECBC00189A7F /* Agendalab03Tests */,
				1DACB9411A81ECBB00189A7F /* Products */,
			);
			sourceTree = "<group>";
		};
		1DACB9411A81ECBB00189A7F /* Products */ = {
			isa = PBXGroup;
			children = (
				1DACB9401A81ECBB00189A7F /* Agendalab03.app */,
				1DACB9591A81ECBC00189A7F /* Agendalab03Tests.xctest */,
			);
			name = Products;
			sourceTree = "<group>";
		};
		1DACB9421A81ECBB00189A7F /* Agendalab03 */ = {
			isa = PBXGroup;
			children = (
				1DACB9751A82173400189A7F /* Imagenes */,
				1DACB9471A81ECBC00189A7F /* AppDelegate.h */,
				1DACB9481A81ECBC00189A7F /* AppDelegate.m */,
				1DACB94A1A81ECBC00189A7F /* Home.h */,
				1DACB94B1A81ECBC00189A7F /* Home.m */,
				1DACB94D1A81ECBC00189A7F /* Main.storyboard */,
				1DACB9501A81ECBC00189A7F /* Images.xcassets */,
				1DACB9521A81ECBC00189A7F /* LaunchScreen.xib */,
				1DACB9431A81ECBC00189A7F /* Supporting Files */,
				1DACB9691A81F7B400189A7F /* Nuevo.h */,
				1DACB96A1A81F7B400189A7F /* Nuevo.m */,
				1DACB96C1A81FB2F00189A7F /* Listado.h */,
				1DACB96D1A81FB2F00189A7F /* Listado.m */,
				1DACB96F1A81FEED00189A7F /* Detalle.h */,
				1DACB9701A81FEED00189A7F /* Detalle.m */,
				1DACB9721A8201B600189A7F /* VerMas.h */,
				1DACB9731A8201B600189A7F /* VerMas.m */,
				1D3E6E2F1A8334F200B2C6DF /* DBManager.h */,
				1D3E6E301A8334F200B2C6DF /* DBManager.m */,
			);
			path = Agendalab03;
			sourceTree = "<group>";
		};
		1DACB9431A81ECBC00189A7F /* Supporting Files */ = {
			isa = PBXGroup;
			children = (
				1DACB9441A81ECBC00189A7F /* Info.plist */,
				1DACB9451A81ECBC00189A7F /* main.m */,
			);
			name = "Supporting Files";
			sourceTree = "<group>";
		};
		1DACB95C1A81ECBC00189A7F /* Agendalab03Tests */ = {
			isa = PBXGroup;
			children = (
				1DACB95F1A81ECBC00189A7F /* Agendalab03Tests.m */,
				1DACB95D1A81ECBC00189A7F /* Supporting Files */,
			);
			path = Agendalab03Tests;
			sourceTree = "<group>";
		};
		1DACB95D1A81ECBC00189A7F /* Supporting Files */ = {
			isa = PBXGroup;
			children = (
				1DACB95E1A81ECBC00189A7F /* Info.plist */,
			);
			name = "Supporting Files";
			sourceTree = "<group>";
		};
		1DACB9751A82173400189A7F /* Imagenes */ = {
			isa = PBXGroup;
			children = (
				1DACB9761A82183E00189A7F /* 1423062184_camera-128.png */,
			);
			name = Imagenes;
			sourceTree = "<group>";
		};
/* End PBXGroup section */

/* Begin PBXNativeTarget section */
		1DACB93F1A81ECBB00189A7F /* Agendalab03 */ = {
			isa = PBXNativeTarget;
			buildConfigurationList = 1DACB9631A81ECBC00189A7F /* Build configuration list for PBXNativeTarget "Agendalab03" */;
			buildPhases = (
				1DACB93C1A81ECBB00189A7F /* Sources */,
				1DACB93D1A81ECBB00189A7F /* Frameworks */,
				1DACB93E1A81ECBB00189A7F /* Resources */,
			);
			buildRules = (
			);
			dependencies = (
			);
			name = Agendalab03;
			productName = Agendalab03;
			productReference = 1DACB9401A81ECBB00189A7F /* Agendalab03.app */;
			productType = "com.apple.product-type.application";
		};
		1DACB9581A81ECBC00189A7F /* Agendalab03Tests */ = {
			isa = PBXNativeTarget;
			buildConfigurationList = 1DACB9661A81ECBC00189A7F /* Build configuration list for PBXNativeTarget "Agendalab03Tests" */;
			buildPhases = (
				1DACB9551A81ECBC00189A7F /* Sources */,
				1DACB9561A81ECBC00189A7F /* Frameworks */,
				1DACB9571A81ECBC00189A7F /* Resources */,
			);
			buildRules = (
			);
			dependencies = (
				1DACB95B1A81ECBC00189A7F /* PBXTargetDependency */,
			);
			name = Agendalab03Tests;
			productName = Agendalab03Tests;
			productReference = 1DACB9591A81ECBC00189A7F /* Agendalab03Tests.xctest */;
			productType = "com.apple.product-type.bundle.unit-test";
		};
/* End PBXNativeTarget section */

/* Begin PBXProject section */
		1DACB9381A81ECBB00189A7F /* Project object */ = {
			isa = PBXProject;
			attributes = {
				LastUpgradeCheck = 0610;
				ORGANIZATIONNAME = Comercomp;
				TargetAttributes = {
					1DACB93F1A81ECBB00189A7F = {
						CreatedOnToolsVersion = 6.1.1;
					};
					1DACB9581A81ECBC00189A7F = {
						CreatedOnToolsVersion = 6.1.1;
						TestTargetID = 1DACB93F1A81ECBB00189A7F;
					};
				};
			};
			buildConfigurationList = 1DACB93B1A81ECBB00189A7F /* Build configuration list for PBXProject "Agendalab03" */;
			compatibilityVersion = "Xcode 3.2";
			developmentRegion = English;
			hasScannedForEncodings = 0;
			knownRegions = (
				en,
				Base,
			);
			mainGroup = 1DACB9371A81ECBB00189A7F;
			productRefGroup = 1DACB9411A81ECBB00189A7F /* Products */;
			projectDirPath = "";
			projectRoot = "";
			targets = (
				1DACB93F1A81ECBB00189A7F /* Agendalab03 */,
				1DACB9581A81ECBC00189A7F /* Agendalab03Tests */,
			);
		};
/* End PBXProject section */

/* Begin PBXResourcesBuildPhase section */
		1DACB93E1A81ECBB00189A7F /* Resources */ = {
			isa = PBXResourcesBuildPhase;
			buildActionMask = 2147483647;
			files = (
				1DACB94F1A81ECBC00189A7F /* Main.storyboard in Resources */,
				1DACB9541A81ECBC00189A7F /* LaunchScreen.xib in Resources */,
				1DACB9511A81ECBC00189A7F /* Images.xcassets in Resources */,
				1DACB9771A82183E00189A7F /* 1423062184_camera-128.png in Resources */,
			);
			runOnlyForDeploymentPostprocessing = 0;
		};
		1DACB9571A81ECBC00189A7F /* Resources */ = {
			isa = PBXResourcesBuildPhase;
			buildActionMask = 2147483647;
			files = (
			);
			runOnlyForDeploymentPostprocessing = 0;
		};
/* End PBXResourcesBuildPhase section */

/* Begin PBXSourcesBuildPhase section */
		1DACB93C1A81ECBB00189A7F /* Sources */ = {
			isa = PBXSourcesBuildPhase;
			buildActionMask = 2147483647;
			files = (
				1DACB96B1A81F7B400189A7F /* Nuevo.m in Sources */,
				1DACB94C1A81ECBC00189A7F /* Home.m in Sources */,
				1DACB9491A81ECBC00189A7F /* AppDelegate.m in Sources */,
				1DACB9741A8201B600189A7F /* VerMas.m in Sources */,
				1DACB96E1A81FB2F00189A7F /* Listado.m in Sources */,
				1DACB9461A81ECBC00189A7F /* main.m in Sources */,
				1DACB9711A81FEED00189A7F /* Detalle.m in Sources */,
				1D3E6E311A8334F200B2C6DF /* DBManager.m in Sources */,
			);
			runOnlyForDeploymentPostprocessing = 0;
		};
		1DACB9551A81ECBC00189A7F /* Sources */ = {
			isa = PBXSourcesBuildPhase;
			buildActionMask = 2147483647;
			files = (
				1DACB9601A81ECBC00189A7F /* Agendalab03Tests.m in Sources */,
			);
			runOnlyForDeploymentPostprocessing = 0;
		};
/* End PBXSourcesBuildPhase section */

/* Begin PBXTargetDependency section */
		1DACB95B1A81ECBC00189A7F /* PBXTargetDependency */ = {
			isa = PBXTargetDependency;
			target = 1DACB93F1A81ECBB00189A7F /* Agendalab03 */;
			targetProxy = 1DACB95A1A81ECBC00189A7F /* PBXContainerItemProxy */;
		};
/* End PBXTargetDependency section */

/* Begin PBXVariantGroup section */
		1DACB94D1A81ECBC00189A7F /* Main.storyboard */ = {
			isa = PBXVariantGroup;
			children = (
				1DACB94E1A81ECBC00189A7F /* Base */,
			);
			name = Main.storyboard;
			sourceTree = "<group>";
		};
		1DACB9521A81ECBC00189A7F /* LaunchScreen.xib */ = {
			isa = PBXVariantGroup;
			children = (
				1DACB9531A81ECBC00189A7F /* Base */,
			);
			name = LaunchScreen.xib;
			sourceTree = "<group>";
		};
/* End PBXVariantGroup section */

/* Begin XCBuildConfiguration section */
		1DACB9611A81ECBC00189A7F /* Debug */ = {
			isa = XCBuildConfiguration;
			buildSettings = {
				ALWAYS_SEARCH_USER_PATHS = NO;
				CLANG_CXX_LANGUAGE_STANDARD = "gnu++0x";
				CLANG_CXX_LIBRARY = "libc++";
				CLANG_ENABLE_MODULES = YES;
				CLANG_ENABLE_OBJC_ARC = YES;
				CLANG_WARN_BOOL_CONVERSION = YES;
				CLANG_WARN_CONSTANT_CONVERSION = YES;
				CLANG_WARN_DIRECT_OBJC_ISA_USAGE = YES_ERROR;
				CLANG_WARN_EMPTY_BODY = YES;
				CLANG_WARN_ENUM_CONVERSION = YES;
				CLANG_WARN_INT_CONVERSION = YES;
				CLANG_WARN_OBJC_ROOT_CLASS = YES_ERROR;
				CLANG_WARN_UNREACHABLE_CODE = YES;
				CLANG_WARN__DUPLICATE_METHOD_MATCH = YES;
				"CODE_SIGN_IDENTITY[sdk=iphoneos*]" = "iPhone Developer";
				COPY_PHASE_STRIP = NO;
				ENABLE_STRICT_OBJC_MSGSEND = YES;
				GCC_C_LANGUAGE_STANDARD = gnu99;
				GCC_DYNAMIC_NO_PIC = NO;
				GCC_OPTIMIZATION_LEVEL = 0;
				GCC_PREPROCESSOR_DEFINITIONS = (
					"DEBUG=1",
					"$(inherited)",
				);
				GCC_SYMBOLS_PRIVATE_EXTERN = NO;
				GCC_WARN_64_TO_32_BIT_CONVERSION = YES;
				GCC_WARN_ABOUT_RETURN_TYPE = YES_ERROR;
				GCC_WARN_UNDECLARED_SELECTOR = YES;
				GCC_WARN_UNINITIALIZED_AUTOS = YES_AGGRESSIVE;
				GCC_WARN_UNUSED_FUNCTION = YES;
				GCC_WARN_UNUSED_VARIABLE = YES;
				IPHONEOS_DEPLOYMENT_TARGET = 8.1;
				MTL_ENABLE_DEBUG_INFO = YES;
				ONLY_ACTIVE_ARCH = YES;
				SDKROOT = iphoneos;
			};
			name = Debug;
		};
		1DACB9621A81ECBC00189A7F /* Release */ = {
			isa = XCBuildConfiguration;
			buildSettings = {
				ALWAYS_SEARCH_USER_PATHS = NO;
				CLANG_CXX_LANGUAGE_STANDARD = "gnu++0x";
				CLANG_CXX_LIBRARY = "libc++";
				CLANG_ENABLE_MODULES = YES;
				CLANG_ENABLE_OBJC_ARC = YES;
				CLANG_WARN_BOOL_CONVERSION = YES;
				CLANG_WARN_CONSTANT_CONVERSION = YES;
				CLANG_WARN_DIRECT_OBJC_ISA_USAGE = YES_ERROR;
				CLANG_WARN_EMPTY_BODY = YES;
				CLANG_WARN_ENUM_CONVERSION = YES;
				CLANG_WARN_INT_CONVERSION = YES;
				CLANG_WARN_OBJC_ROOT_CLASS = YES_ERROR;
				CLANG_WARN_UNREACHABLE_CODE = YES;
				CLANG_WARN__DUPLICATE_METHOD_MATCH = YES;
				"CODE_SIGN_IDENTITY[sdk=iphoneos*]" = "iPhone Developer";
				COPY_PHASE_STRIP = YES;
				ENABLE_NS_ASSERTIONS = NO;
				ENABLE_STRICT_OBJC_MSGSEND = YES;
				GCC_C_LANGUAGE_STANDARD = gnu99;
				GCC_WARN_64_TO_32_BIT_CONVERSION = YES;
				GCC_WARN_ABOUT_RETURN_TYPE = YES_ERROR;
				GCC_WARN_UNDECLARED_SELECTOR = YES;
				GCC_WARN_UNINITIALIZED_AUTOS = YES_AGGRESSIVE;
				GCC_WARN_UNUSED_FUNCTION = YES;
				GCC_WARN_UNUSED_VARIABLE = YES;
				IPHONEOS_DEPLOYMENT_TARGET = 8.1;
				MTL_ENABLE_DEBUG_INFO = NO;
				SDKROOT = iphoneos;
				VALIDATE_PRODUCT = YES;
			};
			name = Release;
		};
		1DACB9641A81ECBC00189A7F /* Debug */ = {
			isa = XCBuildConfiguration;
			buildSettings = {
				ASSETCATALOG_COMPILER_APPICON_NAME = AppIcon;
				INFOPLIST_FILE = Agendalab03/Info.plist;
				LD_RUNPATH_SEARCH_PATHS = "$(inherited) @executable_path/Frameworks";
				PRODUCT_NAME = "$(TARGET_NAME)";
			};
			name = Debug;
		};
		1DACB9651A81ECBC00189A7F /* Release */ = {
			isa = XCBuildConfiguration;
			buildSettings = {
				ASSETCATALOG_COMPILER_APPICON_NAME = AppIcon;
				INFOPLIST_FILE = Agendalab03/Info.plist;
				LD_RUNPATH_SEARCH_PATHS = "$(inherited) @executable_path/Frameworks";
				PRODUCT_NAME = "$(TARGET_NAME)";
			};
			name = Release;
		};
		1DACB9671A81ECBC00189A7F /* Debug */ = {
			isa = XCBuildConfiguration;
			buildSettings = {
				BUNDLE_LOADER = "$(TEST_HOST)";
				FRAMEWORK_SEARCH_PATHS = (
					"$(SDKROOT)/Developer/Library/Frameworks",
					"$(inherited)",
				);
				GCC_PREPROCESSOR_DEFINITIONS = (
					"DEBUG=1",
					"$(inherited)",
				);
				INFOPLIST_FILE = Agendalab03Tests/Info.plist;
				LD_RUNPATH_SEARCH_PATHS = "$(inherited) @executable_path/Frameworks @loader_path/Frameworks";
				PRODUCT_NAME = "$(TARGET_NAME)";
				TEST_HOST = "$(BUILT_PRODUCTS_DIR)/Agendalab03.app/Agendalab03";
			};
			name = Debug;
		};
		1DACB9681A81ECBC00189A7F /* Release */ = {
			isa = XCBuildConfiguration;
			buildSettings = {
				BUNDLE_LOADER = "$(TEST_HOST)";
				FRAMEWORK_SEARCH_PATHS = (
					"$(SDKROOT)/Developer/Library/Frameworks",
					"$(inherited)",
				);
				INFOPLIST_FILE = Agendalab03Tests/Info.plist;
				LD_RUNPATH_SEARCH_PATHS = "$(inherited) @executable_path/Frameworks @loader_path/Frameworks";
				PRODUCT_NAME = "$(TARGET_NAME)";
				TEST_HOST = "$(BUILT_PRODUCTS_DIR)/Agendalab03.app/Agendalab03";
			};
			name = Release;
		};
/* End XCBuildConfiguration section */

/* Begin XCConfigurationList section */
		1DACB93B1A81ECBB00189A7F /* Build configuration list for PBXProject "Agendalab03" */ = {
			isa = XCConfigurationList;
			buildConfigurations = (
				1DACB9611A81ECBC00189A7F /* Debug */,
				1DACB9621A81ECBC00189A7F /* Release */,
			);
			defaultConfigurationIsVisible = 0;
			defaultConfigurationName = Release;
		};
		1DACB9631A81ECBC00189A7F /* Build configuration list for PBXNativeTarget "Agendalab03" */ = {
			isa = XCConfigurationList;
			buildConfigurations = (
				1DACB9641A81ECBC00189A7F /* Debug */,
				1DACB9651A81ECBC00189A7F /* Release */,
			);
			defaultConfigurationIsVisible = 0;
			defaultConfigurationName = Release;
		};
		1DACB9661A81ECBC00189A7F /* Build configuration list for PBXNativeTarget "Agendalab03Tests" */ = {
			isa = XCConfigurationList;
			buildConfigurations = (
				1DACB9671A81ECBC00189A7F /* Debug */,
				1DACB9681A81ECBC00189A7F /* Release */,
			);
			defaultConfigurationIsVisible = 0;
			defaultConfigurationName = Release;
		};
/* End XCConfigurationList section */
	};
	rootObject = 1DACB9381A81ECBB00189A7F /* Project object */;
}
